
Microsoft Visual Studio Solution File, Format Version 12.00
Project("{FAE04EC0-301F-11D3-BF4B-00C04F79EFBC}") = "HealthPartners.Domain", "src\HealthPartners.Domain\HealthPartners.Domain.csproj", "{BE0BF9BB-6021-474E-BEEC-BED0AA7CA8F5}"
EndProject
Project("{2150E333-8FDC-42A3-9474-1A3956D46DE8}") = "SolutionFolder", "SolutionFolder", "{93C0665B-4813-4D8B-9570-B84766044D58}"
	ProjectSection(SolutionItems) = preProject
		README.md = README.md
		.gitignore = .gitignore
		.gitattributes = .gitattributes
	EndProjectSection
EndProject
Project("{FAE04EC0-301F-11D3-BF4B-00C04F79EFBC}") = "HealthPartners.Tests", "tests\HealthPartners.Tests\HealthPartners.Tests.csproj", "{1CE45477-F820-4C83-8AF5-FF93277B1C5C}"
EndProject
Project("{FAE04EC0-301F-11D3-BF4B-00C04F79EFBC}") = "HealthPartners.Application", "src\HealthPartners.Application\HealthPartners.Application.csproj", "{001F0DE2-0CA7-4D02-92F9-C237E42F497D}"
EndProject
Global
	GlobalSection(SolutionConfigurationPlatforms) = preSolution
		Debug|Any CPU = Debug|Any CPU
		Release|Any CPU = Release|Any CPU
	EndGlobalSection
	GlobalSection(ProjectConfigurationPlatforms) = postSolution
		{BE0BF9BB-6021-474E-BEEC-BED0AA7CA8F5}.Debug|Any CPU.ActiveCfg = Debug|Any CPU
		{BE0BF9BB-6021-474E-BEEC-BED0AA7CA8F5}.Debug|Any CPU.Build.0 = Debug|Any CPU
		{BE0BF9BB-6021-474E-BEEC-BED0AA7CA8F5}.Release|Any CPU.ActiveCfg = Release|Any CPU
		{BE0BF9BB-6021-474E-BEEC-BED0AA7CA8F5}.Release|Any CPU.Build.0 = Release|Any CPU
		{1CE45477-F820-4C83-8AF5-FF93277B1C5C}.Debug|Any CPU.ActiveCfg = Debug|Any CPU
		{1CE45477-F820-4C83-8AF5-FF93277B1C5C}.Debug|Any CPU.Build.0 = Debug|Any CPU
		{1CE45477-F820-4C83-8AF5-FF93277B1C5C}.Release|Any CPU.ActiveCfg = Release|Any CPU
		{1CE45477-F820-4C83-8AF5-FF93277B1C5C}.Release|Any CPU.Build.0 = Release|Any CPU
		{001F0DE2-0CA7-4D02-92F9-C237E42F497D}.Debug|Any CPU.ActiveCfg = Debug|Any CPU
		{001F0DE2-0CA7-4D02-92F9-C237E42F497D}.Debug|Any CPU.Build.0 = Debug|Any CPU
		{001F0DE2-0CA7-4D02-92F9-C237E42F497D}.Release|Any CPU.ActiveCfg = Release|Any CPU
		{001F0DE2-0CA7-4D02-92F9-C237E42F497D}.Release|Any CPU.Build.0 = Release|Any CPU
	EndGlobalSection
EndGlobal
